// !$*UTF8*$!
{
	archiveVersion = 1;
	classes = {
	};
	objectVersion = 56;
	objects = {

/* Begin PBXBuildFile section */
		DF2B01122B5BDD4200214C8D /* BrowseCategoryTabCoordinator.swift in Sources */ = {isa = PBXBuildFile; fileRef = DF2B01112B5BDD4200214C8D /* BrowseCategoryTabCoordinator.swift */; };
		DF2B01142B5C0DA000214C8D /* BrowseCategoryViewController.swift in Sources */ = {isa = PBXBuildFile; fileRef = DF2B01132B5C0DA000214C8D /* BrowseCategoryViewController.swift */; };
		DF2B01162B5C0F5C00214C8D /* ListViewController.swift in Sources */ = {isa = PBXBuildFile; fileRef = DF2B01152B5C0F5C00214C8D /* ListViewController.swift */; };
		DF2B011A2B5C168100214C8D /* DetailViewController.swift in Sources */ = {isa = PBXBuildFile; fileRef = DF2B01192B5C168100214C8D /* DetailViewController.swift */; };
		DF2B011C2B5C17DD00214C8D /* ListCoordinator.swift in Sources */ = {isa = PBXBuildFile; fileRef = DF2B011B2B5C17DD00214C8D /* ListCoordinator.swift */; };
		DF2B011E2B5C17FC00214C8D /* DetailCoordinator.swift in Sources */ = {isa = PBXBuildFile; fileRef = DF2B011D2B5C17FC00214C8D /* DetailCoordinator.swift */; };
		DF2B01202B5C3E1500214C8D /* Router.swift in Sources */ = {isa = PBXBuildFile; fileRef = DF2B011F2B5C3E1500214C8D /* Router.swift */; };
		DF5D09172B27C4BC00410D2D /* TabBarCoordinator.swift in Sources */ = {isa = PBXBuildFile; fileRef = DF5D09162B27C4BC00410D2D /* TabBarCoordinator.swift */; };
		DF62BEBA2AC949C800833DE5 /* AppDelegate.swift in Sources */ = {isa = PBXBuildFile; fileRef = DF62BEB92AC949C800833DE5 /* AppDelegate.swift */; };
		DF62BEBE2AC949C800833DE5 /* MainContentListViewController.swift in Sources */ = {isa = PBXBuildFile; fileRef = DF62BEBD2AC949C800833DE5 /* MainContentListViewController.swift */; };
		DF62BEC32AC949C900833DE5 /* Assets.xcassets in Resources */ = {isa = PBXBuildFile; fileRef = DF62BEC22AC949C900833DE5 /* Assets.xcassets */; };
		DF62BEC62AC949C900833DE5 /* LaunchScreen.storyboard in Resources */ = {isa = PBXBuildFile; fileRef = DF62BEC42AC949C900833DE5 /* LaunchScreen.storyboard */; };
		DF62BED02AC94BF400833DE5 /* CoordinatorProtocol.swift in Sources */ = {isa = PBXBuildFile; fileRef = DF62BECF2AC94BF400833DE5 /* CoordinatorProtocol.swift */; };
		DF62BED42AC94DA300833DE5 /* SceneCoordinator.swift in Sources */ = {isa = PBXBuildFile; fileRef = DF62BED32AC94DA300833DE5 /* SceneCoordinator.swift */; };
		DF62BEDA2ACAEB9700833DE5 /* SingleLargeTitleViewController.swift in Sources */ = {isa = PBXBuildFile; fileRef = DF62BED92ACAEB9700833DE5 /* SingleLargeTitleViewController.swift */; };
		DF62BEDD2ACAEF6400833DE5 /* AuthServiceSelectorViewController.swift in Sources */ = {isa = PBXBuildFile; fileRef = DF62BEDC2ACAEF6400833DE5 /* AuthServiceSelectorViewController.swift */; };
		DF6B7FFC2B2B2B1E00261AD6 /* ListTabNavigationCoordinator.swift in Sources */ = {isa = PBXBuildFile; fileRef = DF6B7FFB2B2B2B1E00261AD6 /* ListTabNavigationCoordinator.swift */; };
		DF6B7FFE2B2BB22600261AD6 /* TabTypes.swift in Sources */ = {isa = PBXBuildFile; fileRef = DF6B7FFD2B2BB22600261AD6 /* TabTypes.swift */; };
		DF7201912B3056CD00E8ED5D /* FlowResponder.swift in Sources */ = {isa = PBXBuildFile; fileRef = DF7201902B3056CD00E8ED5D /* FlowResponder.swift */; };
		DF7201932B30575C00E8ED5D /* Coordinator.swift in Sources */ = {isa = PBXBuildFile; fileRef = DF7201922B30575C00E8ED5D /* Coordinator.swift */; };
		DF7201952B305C4000E8ED5D /* LogOutEvent.swift in Sources */ = {isa = PBXBuildFile; fileRef = DF7201942B305C4000E8ED5D /* LogOutEvent.swift */; };
		DF78FB6F2B5908F80057F4B2 /* RouterProtocol.swift in Sources */ = {isa = PBXBuildFile; fileRef = DF78FB6E2B5908F80057F4B2 /* RouterProtocol.swift */; };
		DF7D16BB2B21C4720074B721 /* MainProfileViewController.swift in Sources */ = {isa = PBXBuildFile; fileRef = DF7D16BA2B21C4720074B721 /* MainProfileViewController.swift */; };
		DF7D16BE2B22025B0074B721 /* MainFilterViewController.swift in Sources */ = {isa = PBXBuildFile; fileRef = DF7D16BD2B22025B0074B721 /* MainFilterViewController.swift */; };
		DF7D16C22B22E3F90074B721 /* NumberSelectorView.swift in Sources */ = {isa = PBXBuildFile; fileRef = DF7D16C12B22E3F90074B721 /* NumberSelectorView.swift */; };
		DF7D16C42B2462400074B721 /* MainContentCoordinator.swift in Sources */ = {isa = PBXBuildFile; fileRef = DF7D16C32B2462400074B721 /* MainContentCoordinator.swift */; };
		DF7D16C62B25A7BC0074B721 /* AuthInspector.swift in Sources */ = {isa = PBXBuildFile; fileRef = DF7D16C52B25A7BC0074B721 /* AuthInspector.swift */; };
		DF7D16C82B25AA9E0074B721 /* AuthPerformer.swift in Sources */ = {isa = PBXBuildFile; fileRef = DF7D16C72B25AA9E0074B721 /* AuthPerformer.swift */; };
		DF8A67132AD2CD9900FE15D6 /* AuthServiceType.swift in Sources */ = {isa = PBXBuildFile; fileRef = DF8A67122AD2CD9900FE15D6 /* AuthServiceType.swift */; };
		DF8A67192AD3E72E00FE15D6 /* MainContentStorage.swift in Sources */ = {isa = PBXBuildFile; fileRef = DF8A67182AD3E72E00FE15D6 /* MainContentStorage.swift */; };
		DF8A671C2AD3EE5E00FE15D6 /* MainContent.swift in Sources */ = {isa = PBXBuildFile; fileRef = DF8A671B2AD3EE5E00FE15D6 /* MainContent.swift */; };
		DFBEB00F2ACBD19500547369 /* AuthCoordinator.swift in Sources */ = {isa = PBXBuildFile; fileRef = DFBEB00E2ACBD19500547369 /* AuthCoordinator.swift */; };
		DFBEB0152ACC022200547369 /* AuthUserEntryViewController.swift in Sources */ = {isa = PBXBuildFile; fileRef = DFBEB0142ACC022200547369 /* AuthUserEntryViewController.swift */; };
		DFBEB0172ACC111C00547369 /* MainContentCell.swift in Sources */ = {isa = PBXBuildFile; fileRef = DFBEB0162ACC111C00547369 /* MainContentCell.swift */; };
		DFC053842ACC4C0F00DF317E /* SceneDelegate.swift in Sources */ = {isa = PBXBuildFile; fileRef = DFC053832ACC4C0F00DF317E /* SceneDelegate.swift */; };
		DFC0538F2ACD8E3B00DF317E /* MainContentDetailViewController.swift in Sources */ = {isa = PBXBuildFile; fileRef = DFC0538E2ACD8E3B00DF317E /* MainContentDetailViewController.swift */; };
/* End PBXBuildFile section */

/* Begin PBXFileReference section */
		DF2B01112B5BDD4200214C8D /* BrowseCategoryTabCoordinator.swift */ = {isa = PBXFileReference; lastKnownFileType = sourcecode.swift; path = BrowseCategoryTabCoordinator.swift; sourceTree = "<group>"; };
		DF2B01132B5C0DA000214C8D /* BrowseCategoryViewController.swift */ = {isa = PBXFileReference; lastKnownFileType = sourcecode.swift; path = BrowseCategoryViewController.swift; sourceTree = "<group>"; };
		DF2B01152B5C0F5C00214C8D /* ListViewController.swift */ = {isa = PBXFileReference; lastKnownFileType = sourcecode.swift; path = ListViewController.swift; sourceTree = "<group>"; };
		DF2B01192B5C168100214C8D /* DetailViewController.swift */ = {isa = PBXFileReference; lastKnownFileType = sourcecode.swift; path = DetailViewController.swift; sourceTree = "<group>"; };
		DF2B011B2B5C17DD00214C8D /* ListCoordinator.swift */ = {isa = PBXFileReference; lastKnownFileType = sourcecode.swift; path = ListCoordinator.swift; sourceTree = "<group>"; };
		DF2B011D2B5C17FC00214C8D /* DetailCoordinator.swift */ = {isa = PBXFileReference; lastKnownFileType = sourcecode.swift; path = DetailCoordinator.swift; sourceTree = "<group>"; };
		DF2B011F2B5C3E1500214C8D /* Router.swift */ = {isa = PBXFileReference; lastKnownFileType = sourcecode.swift; path = Router.swift; sourceTree = "<group>"; };
		DF5D09162B27C4BC00410D2D /* TabBarCoordinator.swift */ = {isa = PBXFileReference; lastKnownFileType = sourcecode.swift; path = TabBarCoordinator.swift; sourceTree = "<group>"; };
		DF62BEB62AC949C800833DE5 /* CoordinatorPatternExample.app */ = {isa = PBXFileReference; explicitFileType = wrapper.application; includeInIndex = 0; path = CoordinatorPatternExample.app; sourceTree = BUILT_PRODUCTS_DIR; };
		DF62BEB92AC949C800833DE5 /* AppDelegate.swift */ = {isa = PBXFileReference; lastKnownFileType = sourcecode.swift; path = AppDelegate.swift; sourceTree = "<group>"; };
		DF62BEBD2AC949C800833DE5 /* MainContentListViewController.swift */ = {isa = PBXFileReference; lastKnownFileType = sourcecode.swift; path = MainContentListViewController.swift; sourceTree = "<group>"; };
		DF62BEC22AC949C900833DE5 /* Assets.xcassets */ = {isa = PBXFileReference; lastKnownFileType = folder.assetcatalog; path = Assets.xcassets; sourceTree = "<group>"; };
		DF62BEC52AC949C900833DE5 /* Base */ = {isa = PBXFileReference; lastKnownFileType = file.storyboard; name = Base; path = Base.lproj/LaunchScreen.storyboard; sourceTree = "<group>"; };
		DF62BEC72AC949C900833DE5 /* Info.plist */ = {isa = PBXFileReference; lastKnownFileType = text.plist.xml; path = Info.plist; sourceTree = "<group>"; };
		DF62BECF2AC94BF400833DE5 /* CoordinatorProtocol.swift */ = {isa = PBXFileReference; lastKnownFileType = sourcecode.swift; path = CoordinatorProtocol.swift; sourceTree = "<group>"; };
		DF62BED32AC94DA300833DE5 /* SceneCoordinator.swift */ = {isa = PBXFileReference; lastKnownFileType = sourcecode.swift; path = SceneCoordinator.swift; sourceTree = "<group>"; };
		DF62BED92ACAEB9700833DE5 /* SingleLargeTitleViewController.swift */ = {isa = PBXFileReference; lastKnownFileType = sourcecode.swift; path = SingleLargeTitleViewController.swift; sourceTree = "<group>"; };
		DF62BEDC2ACAEF6400833DE5 /* AuthServiceSelectorViewController.swift */ = {isa = PBXFileReference; lastKnownFileType = sourcecode.swift; path = AuthServiceSelectorViewController.swift; sourceTree = "<group>"; };
		DF6B7FFB2B2B2B1E00261AD6 /* ListTabNavigationCoordinator.swift */ = {isa = PBXFileReference; lastKnownFileType = sourcecode.swift; path = ListTabNavigationCoordinator.swift; sourceTree = "<group>"; };
		DF6B7FFD2B2BB22600261AD6 /* TabTypes.swift */ = {isa = PBXFileReference; lastKnownFileType = sourcecode.swift; path = TabTypes.swift; sourceTree = "<group>"; };
		DF7201902B3056CD00E8ED5D /* FlowResponder.swift */ = {isa = PBXFileReference; lastKnownFileType = sourcecode.swift; path = FlowResponder.swift; sourceTree = "<group>"; };
		DF7201922B30575C00E8ED5D /* Coordinator.swift */ = {isa = PBXFileReference; lastKnownFileType = sourcecode.swift; path = Coordinator.swift; sourceTree = "<group>"; };
		DF7201942B305C4000E8ED5D /* LogOutEvent.swift */ = {isa = PBXFileReference; lastKnownFileType = sourcecode.swift; path = LogOutEvent.swift; sourceTree = "<group>"; };
		DF78FB6E2B5908F80057F4B2 /* RouterProtocol.swift */ = {isa = PBXFileReference; lastKnownFileType = sourcecode.swift; path = RouterProtocol.swift; sourceTree = "<group>"; };
		DF7D16BA2B21C4720074B721 /* MainProfileViewController.swift */ = {isa = PBXFileReference; lastKnownFileType = sourcecode.swift; path = MainProfileViewController.swift; sourceTree = "<group>"; };
		DF7D16BD2B22025B0074B721 /* MainFilterViewController.swift */ = {isa = PBXFileReference; lastKnownFileType = sourcecode.swift; path = MainFilterViewController.swift; sourceTree = "<group>"; };
		DF7D16C12B22E3F90074B721 /* NumberSelectorView.swift */ = {isa = PBXFileReference; lastKnownFileType = sourcecode.swift; path = NumberSelectorView.swift; sourceTree = "<group>"; };
		DF7D16C32B2462400074B721 /* MainContentCoordinator.swift */ = {isa = PBXFileReference; lastKnownFileType = sourcecode.swift; path = MainContentCoordinator.swift; sourceTree = "<group>"; };
		DF7D16C52B25A7BC0074B721 /* AuthInspector.swift */ = {isa = PBXFileReference; lastKnownFileType = sourcecode.swift; path = AuthInspector.swift; sourceTree = "<group>"; };
		DF7D16C72B25AA9E0074B721 /* AuthPerformer.swift */ = {isa = PBXFileReference; lastKnownFileType = sourcecode.swift; path = AuthPerformer.swift; sourceTree = "<group>"; };
		DF8A67122AD2CD9900FE15D6 /* AuthServiceType.swift */ = {isa = PBXFileReference; lastKnownFileType = sourcecode.swift; path = AuthServiceType.swift; sourceTree = "<group>"; };
		DF8A67182AD3E72E00FE15D6 /* MainContentStorage.swift */ = {isa = PBXFileReference; lastKnownFileType = sourcecode.swift; path = MainContentStorage.swift; sourceTree = "<group>"; };
		DF8A671B2AD3EE5E00FE15D6 /* MainContent.swift */ = {isa = PBXFileReference; lastKnownFileType = sourcecode.swift; path = MainContent.swift; sourceTree = "<group>"; };
		DFBEB00E2ACBD19500547369 /* AuthCoordinator.swift */ = {isa = PBXFileReference; lastKnownFileType = sourcecode.swift; path = AuthCoordinator.swift; sourceTree = "<group>"; };
		DFBEB0142ACC022200547369 /* AuthUserEntryViewController.swift */ = {isa = PBXFileReference; lastKnownFileType = sourcecode.swift; path = AuthUserEntryViewController.swift; sourceTree = "<group>"; };
		DFBEB0162ACC111C00547369 /* MainContentCell.swift */ = {isa = PBXFileReference; lastKnownFileType = sourcecode.swift; path = MainContentCell.swift; sourceTree = "<group>"; };
		DFC053832ACC4C0F00DF317E /* SceneDelegate.swift */ = {isa = PBXFileReference; fileEncoding = 4; lastKnownFileType = sourcecode.swift; path = SceneDelegate.swift; sourceTree = "<group>"; };
		DFC0538E2ACD8E3B00DF317E /* MainContentDetailViewController.swift */ = {isa = PBXFileReference; lastKnownFileType = sourcecode.swift; path = MainContentDetailViewController.swift; sourceTree = "<group>"; };
/* End PBXFileReference section */

/* Begin PBXFrameworksBuildPhase section */
		DF62BEB32AC949C800833DE5 /* Frameworks */ = {
			isa = PBXFrameworksBuildPhase;
			buildActionMask = 2147483647;
			files = (
			);
			runOnlyForDeploymentPostprocessing = 0;
		};
/* End PBXFrameworksBuildPhase section */

/* Begin PBXGroup section */
		DF2B01092B5BC03800214C8D /* Browse */ = {
			isa = PBXGroup;
			children = (
				DF2B01112B5BDD4200214C8D /* BrowseCategoryTabCoordinator.swift */,
				DF2B01132B5C0DA000214C8D /* BrowseCategoryViewController.swift */,
				DF2B01172B5C166600214C8D /* List */,
				DF2B01182B5C166B00214C8D /* Detail */,
			);
			path = Browse;
			sourceTree = "<group>";
		};
		DF2B01172B5C166600214C8D /* List */ = {
			isa = PBXGroup;
			children = (
				DF2B01152B5C0F5C00214C8D /* ListViewController.swift */,
				DF2B011B2B5C17DD00214C8D /* ListCoordinator.swift */,
			);
			path = List;
			sourceTree = "<group>";
		};
		DF2B01182B5C166B00214C8D /* Detail */ = {
			isa = PBXGroup;
			children = (
				DF2B01192B5C168100214C8D /* DetailViewController.swift */,
				DF2B011D2B5C17FC00214C8D /* DetailCoordinator.swift */,
			);
			path = Detail;
			sourceTree = "<group>";
		};
		DF5D09152B27438600410D2D /* List */ = {
			isa = PBXGroup;
			children = (
				DF7D16C32B2462400074B721 /* MainContentCoordinator.swift */,
				DF62BEBD2AC949C800833DE5 /* MainContentListViewController.swift */,
				DFBEB0162ACC111C00547369 /* MainContentCell.swift */,
			);
			path = List;
			sourceTree = "<group>";
		};
		DF62BEAD2AC949C800833DE5 = {
			isa = PBXGroup;
			children = (
				DF62BEB82AC949C800833DE5 /* CoordinatorPatternExample */,
				DF62BEB72AC949C800833DE5 /* Products */,
			);
			sourceTree = "<group>";
		};
		DF62BEB72AC949C800833DE5 /* Products */ = {
			isa = PBXGroup;
			children = (
				DF62BEB62AC949C800833DE5 /* CoordinatorPatternExample.app */,
			);
			name = Products;
			sourceTree = "<group>";
		};
		DF62BEB82AC949C800833DE5 /* CoordinatorPatternExample */ = {
			isa = PBXGroup;
			children = (
				DF62BED12AC94D6600833DE5 /* Common */,
				DF62BECE2AC94A9800833DE5 /* Application */,
				DF62BED22AC94D7200833DE5 /* Scene */,
				DF8A67172AD3E71500FE15D6 /* Data */,
				DF62BECD2AC94A8600833DE5 /* Resources */,
			);
			path = CoordinatorPatternExample;
			sourceTree = "<group>";
		};
		DF62BECD2AC94A8600833DE5 /* Resources */ = {
			isa = PBXGroup;
			children = (
				DF62BEC42AC949C900833DE5 /* LaunchScreen.storyboard */,
				DF62BEC22AC949C900833DE5 /* Assets.xcassets */,
				DF62BEC72AC949C900833DE5 /* Info.plist */,
			);
			path = Resources;
			sourceTree = "<group>";
		};
		DF62BECE2AC94A9800833DE5 /* Application */ = {
			isa = PBXGroup;
			children = (
				DF7201942B305C4000E8ED5D /* LogOutEvent.swift */,
				DF7D16C52B25A7BC0074B721 /* AuthInspector.swift */,
				DF62BED32AC94DA300833DE5 /* SceneCoordinator.swift */,
				DF62BEB92AC949C800833DE5 /* AppDelegate.swift */,
				DFC053832ACC4C0F00DF317E /* SceneDelegate.swift */,
			);
			path = Application;
			sourceTree = "<group>";
		};
		DF62BED12AC94D6600833DE5 /* Common */ = {
			isa = PBXGroup;
			children = (
				DF7201902B3056CD00E8ED5D /* FlowResponder.swift */,
				DF62BECF2AC94BF400833DE5 /* CoordinatorProtocol.swift */,
				DF7201922B30575C00E8ED5D /* Coordinator.swift */,
				DF78FB6E2B5908F80057F4B2 /* RouterProtocol.swift */,
				DF2B011F2B5C3E1500214C8D /* Router.swift */,
			);
			path = Common;
			sourceTree = "<group>";
		};
		DF62BED22AC94D7200833DE5 /* Scene */ = {
			isa = PBXGroup;
			children = (
				DF62BED82ACAEB8900833DE5 /* Common */,
				DF62BEDB2ACAEF5600833DE5 /* Auth */,
				DF62BED52ACADE0D00833DE5 /* Tabs */,
			);
			path = Scene;
			sourceTree = "<group>";
		};
		DF62BED52ACADE0D00833DE5 /* Tabs */ = {
			isa = PBXGroup;
			children = (
				DF5D09162B27C4BC00410D2D /* TabBarCoordinator.swift */,
				DF6B7FFD2B2BB22600261AD6 /* TabTypes.swift */,
				DFC0538C2ACD8E2200DF317E /* Content */,
				DF2B01092B5BC03800214C8D /* Browse */,
				DF7D16B92B21C4620074B721 /* Profile */,
			);
			path = Tabs;
			sourceTree = "<group>";
		};
		DF62BED82ACAEB8900833DE5 /* Common */ = {
			isa = PBXGroup;
			children = (
				DF62BED92ACAEB9700833DE5 /* SingleLargeTitleViewController.swift */,
			);
			path = Common;
			sourceTree = "<group>";
		};
		DF62BEDB2ACAEF5600833DE5 /* Auth */ = {
			isa = PBXGroup;
			children = (
				DF7D16C72B25AA9E0074B721 /* AuthPerformer.swift */,
				DFBEB00E2ACBD19500547369 /* AuthCoordinator.swift */,
				DF8A67152AD2CDB500FE15D6 /* ServiceSelector */,
				DF8A67162AD2D1BE00FE15D6 /* AuthEntry */,
			);
			path = Auth;
			sourceTree = "<group>";
		};
		DF7D16B92B21C4620074B721 /* Profile */ = {
			isa = PBXGroup;
			children = (
				DF7D16BA2B21C4720074B721 /* MainProfileViewController.swift */,
			);
			path = Profile;
			sourceTree = "<group>";
		};
		DF7D16BC2B22024B0074B721 /* Filter */ = {
			isa = PBXGroup;
			children = (
				DF7D16C02B22E3EB0074B721 /* Components */,
				DF7D16BD2B22025B0074B721 /* MainFilterViewController.swift */,
			);
			path = Filter;
			sourceTree = "<group>";
		};
		DF7D16C02B22E3EB0074B721 /* Components */ = {
			isa = PBXGroup;
			children = (
				DF7D16C12B22E3F90074B721 /* NumberSelectorView.swift */,
			);
			path = Components;
			sourceTree = "<group>";
		};
		DF8A67152AD2CDB500FE15D6 /* ServiceSelector */ = {
			isa = PBXGroup;
			children = (
				DF8A67122AD2CD9900FE15D6 /* AuthServiceType.swift */,
				DF62BEDC2ACAEF6400833DE5 /* AuthServiceSelectorViewController.swift */,
			);
			path = ServiceSelector;
			sourceTree = "<group>";
		};
		DF8A67162AD2D1BE00FE15D6 /* AuthEntry */ = {
			isa = PBXGroup;
			children = (
				DFBEB0142ACC022200547369 /* AuthUserEntryViewController.swift */,
			);
			path = AuthEntry;
			sourceTree = "<group>";
		};
		DF8A67172AD3E71500FE15D6 /* Data */ = {
			isa = PBXGroup;
			children = (
				DF8A671A2AD3EE4E00FE15D6 /* MainContentStorage */,
			);
			path = Data;
			sourceTree = "<group>";
		};
		DF8A671A2AD3EE4E00FE15D6 /* MainContentStorage */ = {
			isa = PBXGroup;
			children = (
				DF8A671B2AD3EE5E00FE15D6 /* MainContent.swift */,
				DF8A67182AD3E72E00FE15D6 /* MainContentStorage.swift */,
			);
			path = MainContentStorage;
			sourceTree = "<group>";
		};
		DFC0538C2ACD8E2200DF317E /* Content */ = {
			isa = PBXGroup;
			children = (
				DF6B7FFB2B2B2B1E00261AD6 /* ListTabNavigationCoordinator.swift */,
				DF5D09152B27438600410D2D /* List */,
				DFC0538D2ACD8E2A00DF317E /* Detail */,
				DF7D16BC2B22024B0074B721 /* Filter */,
			);
			path = Content;
			sourceTree = "<group>";
		};
		DFC0538D2ACD8E2A00DF317E /* Detail */ = {
			isa = PBXGroup;
			children = (
				DFC0538E2ACD8E3B00DF317E /* MainContentDetailViewController.swift */,
			);
			path = Detail;
			sourceTree = "<group>";
		};
/* End PBXGroup section */

/* Begin PBXNativeTarget section */
		DF62BEB52AC949C800833DE5 /* CoordinatorPatternExample */ = {
			isa = PBXNativeTarget;
			buildConfigurationList = DF62BECA2AC949C900833DE5 /* Build configuration list for PBXNativeTarget "CoordinatorPatternExample" */;
			buildPhases = (
				DF62BEB22AC949C800833DE5 /* Sources */,
				DF62BEB32AC949C800833DE5 /* Frameworks */,
				DF62BEB42AC949C800833DE5 /* Resources */,
			);
			buildRules = (
			);
			dependencies = (
			);
			name = CoordinatorPatternExample;
			productName = CoordinatorPatternExample;
			productReference = DF62BEB62AC949C800833DE5 /* CoordinatorPatternExample.app */;
			productType = "com.apple.product-type.application";
		};
/* End PBXNativeTarget section */

/* Begin PBXProject section */
		DF62BEAE2AC949C800833DE5 /* Project object */ = {
			isa = PBXProject;
			attributes = {
				BuildIndependentTargetsInParallel = 1;
				LastSwiftUpdateCheck = 1500;
				LastUpgradeCheck = 1500;
				TargetAttributes = {
					DF62BEB52AC949C800833DE5 = {
						CreatedOnToolsVersion = 15.0;
					};
				};
			};
			buildConfigurationList = DF62BEB12AC949C800833DE5 /* Build configuration list for PBXProject "CoordinatorPatternExample" */;
			compatibilityVersion = "Xcode 14.0";
			developmentRegion = en;
			hasScannedForEncodings = 0;
			knownRegions = (
				en,
				Base,
			);
			mainGroup = DF62BEAD2AC949C800833DE5;
			productRefGroup = DF62BEB72AC949C800833DE5 /* Products */;
			projectDirPath = "";
			projectRoot = "";
			targets = (
				DF62BEB52AC949C800833DE5 /* CoordinatorPatternExample */,
			);
		};
/* End PBXProject section */

/* Begin PBXResourcesBuildPhase section */
		DF62BEB42AC949C800833DE5 /* Resources */ = {
			isa = PBXResourcesBuildPhase;
			buildActionMask = 2147483647;
			files = (
				DF62BEC62AC949C900833DE5 /* LaunchScreen.storyboard in Resources */,
				DF62BEC32AC949C900833DE5 /* Assets.xcassets in Resources */,
			);
			runOnlyForDeploymentPostprocessing = 0;
		};
/* End PBXResourcesBuildPhase section */

/* Begin PBXSourcesBuildPhase section */
		DF62BEB22AC949C800833DE5 /* Sources */ = {
			isa = PBXSourcesBuildPhase;
			buildActionMask = 2147483647;
			files = (
				DF7201912B3056CD00E8ED5D /* FlowResponder.swift in Sources */,
				DF8A67132AD2CD9900FE15D6 /* AuthServiceType.swift in Sources */,
				DF8A671C2AD3EE5E00FE15D6 /* MainContent.swift in Sources */,
				DF2B011E2B5C17FC00214C8D /* DetailCoordinator.swift in Sources */,
				DF7D16BE2B22025B0074B721 /* MainFilterViewController.swift in Sources */,
				DF62BED02AC94BF400833DE5 /* CoordinatorProtocol.swift in Sources */,
				DF6B7FFE2B2BB22600261AD6 /* TabTypes.swift in Sources */,
				DF62BEDA2ACAEB9700833DE5 /* SingleLargeTitleViewController.swift in Sources */,
				DF2B01142B5C0DA000214C8D /* BrowseCategoryViewController.swift in Sources */,
				DF2B01162B5C0F5C00214C8D /* ListViewController.swift in Sources */,
				DF2B01202B5C3E1500214C8D /* Router.swift in Sources */,
				DF62BEBE2AC949C800833DE5 /* MainContentListViewController.swift in Sources */,
				DF7D16C62B25A7BC0074B721 /* AuthInspector.swift in Sources */,
				DF7D16C82B25AA9E0074B721 /* AuthPerformer.swift in Sources */,
				DF62BEDD2ACAEF6400833DE5 /* AuthServiceSelectorViewController.swift in Sources */,
				DF7D16C42B2462400074B721 /* MainContentCoordinator.swift in Sources */,
				DFBEB0172ACC111C00547369 /* MainContentCell.swift in Sources */,
				DF62BED42AC94DA300833DE5 /* SceneCoordinator.swift in Sources */,
				DF2B011C2B5C17DD00214C8D /* ListCoordinator.swift in Sources */,
				DF7201952B305C4000E8ED5D /* LogOutEvent.swift in Sources */,
				DFC053842ACC4C0F00DF317E /* SceneDelegate.swift in Sources */,
				DFC0538F2ACD8E3B00DF317E /* MainContentDetailViewController.swift in Sources */,
				DF2B011A2B5C168100214C8D /* DetailViewController.swift in Sources */,
				DF6B7FFC2B2B2B1E00261AD6 /* ListTabNavigationCoordinator.swift in Sources */,
				DFBEB0152ACC022200547369 /* AuthUserEntryViewController.swift in Sources */,
				DFBEB00F2ACBD19500547369 /* AuthCoordinator.swift in Sources */,
				DF8A67192AD3E72E00FE15D6 /* MainContentStorage.swift in Sources */,
				DF5D09172B27C4BC00410D2D /* TabBarCoordinator.swift in Sources */,
				DF2B01122B5BDD4200214C8D /* BrowseCategoryTabCoordinator.swift in Sources */,
				DF62BEBA2AC949C800833DE5 /* AppDelegate.swift in Sources */,
				DF7201932B30575C00E8ED5D /* Coordinator.swift in Sources */,
				DF7D16C22B22E3F90074B721 /* NumberSelectorView.swift in Sources */,
				DF78FB6F2B5908F80057F4B2 /* RouterProtocol.swift in Sources */,
				DF7D16BB2B21C4720074B721 /* MainProfileViewController.swift in Sources */,
			);
			runOnlyForDeploymentPostprocessing = 0;
		};
/* End PBXSourcesBuildPhase section */

/* Begin PBXVariantGroup section */
		DF62BEC42AC949C900833DE5 /* LaunchScreen.storyboard */ = {
			isa = PBXVariantGroup;
			children = (
				DF62BEC52AC949C900833DE5 /* Base */,
			);
			name = LaunchScreen.storyboard;
			sourceTree = "<group>";
		};
/* End PBXVariantGroup section */

/* Begin XCBuildConfiguration section */
		DF62BEC82AC949C900833DE5 /* Debug */ = {
			isa = XCBuildConfiguration;
			buildSettings = {
				ALWAYS_SEARCH_USER_PATHS = NO;
				ASSETCATALOG_COMPILER_GENERATE_SWIFT_ASSET_SYMBOL_EXTENSIONS = YES;
				CLANG_ANALYZER_NONNULL = YES;
				CLANG_ANALYZER_NUMBER_OBJECT_CONVERSION = YES_AGGRESSIVE;
				CLANG_CXX_LANGUAGE_STANDARD = "gnu++20";
				CLANG_ENABLE_MODULES = YES;
				CLANG_ENABLE_OBJC_ARC = YES;
				CLANG_ENABLE_OBJC_WEAK = YES;
				CLANG_WARN_BLOCK_CAPTURE_AUTORELEASING = YES;
				CLANG_WARN_BOOL_CONVERSION = YES;
				CLANG_WARN_COMMA = YES;
				CLANG_WARN_CONSTANT_CONVERSION = YES;
				CLANG_WARN_DEPRECATED_OBJC_IMPLEMENTATIONS = YES;
				CLANG_WARN_DIRECT_OBJC_ISA_USAGE = YES_ERROR;
				CLANG_WARN_DOCUMENTATION_COMMENTS = YES;
				CLANG_WARN_EMPTY_BODY = YES;
				CLANG_WARN_ENUM_CONVERSION = YES;
				CLANG_WARN_INFINITE_RECURSION = YES;
				CLANG_WARN_INT_CONVERSION = YES;
				CLANG_WARN_NON_LITERAL_NULL_CONVERSION = YES;
				CLANG_WARN_OBJC_IMPLICIT_RETAIN_SELF = YES;
				CLANG_WARN_OBJC_LITERAL_CONVERSION = YES;
				CLANG_WARN_OBJC_ROOT_CLASS = YES_ERROR;
				CLANG_WARN_QUOTED_INCLUDE_IN_FRAMEWORK_HEADER = YES;
				CLANG_WARN_RANGE_LOOP_ANALYSIS = YES;
				CLANG_WARN_STRICT_PROTOTYPES = YES;
				CLANG_WARN_SUSPICIOUS_MOVE = YES;
				CLANG_WARN_UNGUARDED_AVAILABILITY = YES_AGGRESSIVE;
				CLANG_WARN_UNREACHABLE_CODE = YES;
				CLANG_WARN__DUPLICATE_METHOD_MATCH = YES;
				COPY_PHASE_STRIP = NO;
				DEBUG_INFORMATION_FORMAT = dwarf;
				ENABLE_STRICT_OBJC_MSGSEND = YES;
				ENABLE_TESTABILITY = YES;
				ENABLE_USER_SCRIPT_SANDBOXING = YES;
				GCC_C_LANGUAGE_STANDARD = gnu17;
				GCC_DYNAMIC_NO_PIC = NO;
				GCC_NO_COMMON_BLOCKS = YES;
				GCC_OPTIMIZATION_LEVEL = 0;
				GCC_PREPROCESSOR_DEFINITIONS = (
					"DEBUG=1",
					"$(inherited)",
				);
				GCC_WARN_64_TO_32_BIT_CONVERSION = YES;
				GCC_WARN_ABOUT_RETURN_TYPE = YES_ERROR;
				GCC_WARN_UNDECLARED_SELECTOR = YES;
				GCC_WARN_UNINITIALIZED_AUTOS = YES_AGGRESSIVE;
				GCC_WARN_UNUSED_FUNCTION = YES;
				GCC_WARN_UNUSED_VARIABLE = YES;
				IPHONEOS_DEPLOYMENT_TARGET = 17.0;
				LOCALIZATION_PREFERS_STRING_CATALOGS = YES;
				MTL_ENABLE_DEBUG_INFO = INCLUDE_SOURCE;
				MTL_FAST_MATH = YES;
				ONLY_ACTIVE_ARCH = YES;
				SDKROOT = iphoneos;
				SWIFT_ACTIVE_COMPILATION_CONDITIONS = "DEBUG $(inherited)";
				SWIFT_OPTIMIZATION_LEVEL = "-Onone";
			};
			name = Debug;
		};
		DF62BEC92AC949C900833DE5 /* Release */ = {
			isa = XCBuildConfiguration;
			buildSettings = {
				ALWAYS_SEARCH_USER_PATHS = NO;
				ASSETCATALOG_COMPILER_GENERATE_SWIFT_ASSET_SYMBOL_EXTENSIONS = YES;
				CLANG_ANALYZER_NONNULL = YES;
				CLANG_ANALYZER_NUMBER_OBJECT_CONVERSION = YES_AGGRESSIVE;
				CLANG_CXX_LANGUAGE_STANDARD = "gnu++20";
				CLANG_ENABLE_MODULES = YES;
				CLANG_ENABLE_OBJC_ARC = YES;
				CLANG_ENABLE_OBJC_WEAK = YES;
				CLANG_WARN_BLOCK_CAPTURE_AUTORELEASING = YES;
				CLANG_WARN_BOOL_CONVERSION = YES;
				CLANG_WARN_COMMA = YES;
				CLANG_WARN_CONSTANT_CONVERSION = YES;
				CLANG_WARN_DEPRECATED_OBJC_IMPLEMENTATIONS = YES;
				CLANG_WARN_DIRECT_OBJC_ISA_USAGE = YES_ERROR;
				CLANG_WARN_DOCUMENTATION_COMMENTS = YES;
				CLANG_WARN_EMPTY_BODY = YES;
				CLANG_WARN_ENUM_CONVERSION = YES;
				CLANG_WARN_INFINITE_RECURSION = YES;
				CLANG_WARN_INT_CONVERSION = YES;
				CLANG_WARN_NON_LITERAL_NULL_CONVERSION = YES;
				CLANG_WARN_OBJC_IMPLICIT_RETAIN_SELF = YES;
				CLANG_WARN_OBJC_LITERAL_CONVERSION = YES;
				CLANG_WARN_OBJC_ROOT_CLASS = YES_ERROR;
				CLANG_WARN_QUOTED_INCLUDE_IN_FRAMEWORK_HEADER = YES;
				CLANG_WARN_RANGE_LOOP_ANALYSIS = YES;
				CLANG_WARN_STRICT_PROTOTYPES = YES;
				CLANG_WARN_SUSPICIOUS_MOVE = YES;
				CLANG_WARN_UNGUARDED_AVAILABILITY = YES_AGGRESSIVE;
				CLANG_WARN_UNREACHABLE_CODE = YES;
				CLANG_WARN__DUPLICATE_METHOD_MATCH = YES;
				COPY_PHASE_STRIP = NO;
				DEBUG_INFORMATION_FORMAT = "dwarf-with-dsym";
				ENABLE_NS_ASSERTIONS = NO;
				ENABLE_STRICT_OBJC_MSGSEND = YES;
				ENABLE_USER_SCRIPT_SANDBOXING = YES;
				GCC_C_LANGUAGE_STANDARD = gnu17;
				GCC_NO_COMMON_BLOCKS = YES;
				GCC_WARN_64_TO_32_BIT_CONVERSION = YES;
				GCC_WARN_ABOUT_RETURN_TYPE = YES_ERROR;
				GCC_WARN_UNDECLARED_SELECTOR = YES;
				GCC_WARN_UNINITIALIZED_AUTOS = YES_AGGRESSIVE;
				GCC_WARN_UNUSED_FUNCTION = YES;
				GCC_WARN_UNUSED_VARIABLE = YES;
				IPHONEOS_DEPLOYMENT_TARGET = 17.0;
				LOCALIZATION_PREFERS_STRING_CATALOGS = YES;
				MTL_ENABLE_DEBUG_INFO = NO;
				MTL_FAST_MATH = YES;
				SDKROOT = iphoneos;
				SWIFT_COMPILATION_MODE = wholemodule;
				VALIDATE_PRODUCT = YES;
			};
			name = Release;
		};
		DF62BECB2AC949C900833DE5 /* Debug */ = {
			isa = XCBuildConfiguration;
			buildSettings = {
				ASSETCATALOG_COMPILER_APPICON_NAME = AppIcon;
				ASSETCATALOG_COMPILER_GLOBAL_ACCENT_COLOR_NAME = AccentColor;
				CODE_SIGN_STYLE = Automatic;
				CURRENT_PROJECT_VERSION = 1;
				DEVELOPMENT_TEAM = 299MY3M6HX;
				GENERATE_INFOPLIST_FILE = YES;
				INFOPLIST_FILE = CoordinatorPatternExample/Resources/Info.plist;
				INFOPLIST_KEY_UIApplicationSupportsIndirectInputEvents = YES;
				INFOPLIST_KEY_UILaunchStoryboardName = LaunchScreen;
				INFOPLIST_KEY_UISupportedInterfaceOrientations_iPad = "UIInterfaceOrientationPortrait UIInterfaceOrientationPortraitUpsideDown UIInterfaceOrientationLandscapeLeft UIInterfaceOrientationLandscapeRight";
				INFOPLIST_KEY_UISupportedInterfaceOrientations_iPhone = "UIInterfaceOrientationPortrait UIInterfaceOrientationLandscapeLeft UIInterfaceOrientationLandscapeRight";
				LD_RUNPATH_SEARCH_PATHS = (
					"$(inherited)",
					"@executable_path/Frameworks",
				);
				MARKETING_VERSION = 1.0;
				PRODUCT_BUNDLE_IDENTIFIER = remypark.CoordinatorPatternExample;
				PRODUCT_NAME = "$(TARGET_NAME)";
				SWIFT_EMIT_LOC_STRINGS = YES;
				SWIFT_VERSION = 5.0;
				TARGETED_DEVICE_FAMILY = "1,2";
			};
			name = Debug;
		};
		DF62BECC2AC949C900833DE5 /* Release */ = {
			isa = XCBuildConfiguration;
			buildSettings = {
				ASSETCATALOG_COMPILER_APPICON_NAME = AppIcon;
				ASSETCATALOG_COMPILER_GLOBAL_ACCENT_COLOR_NAME = AccentColor;
				CODE_SIGN_STYLE = Automatic;
				CURRENT_PROJECT_VERSION = 1;
				DEVELOPMENT_TEAM = 299MY3M6HX;
				GENERATE_INFOPLIST_FILE = YES;
				INFOPLIST_FILE = CoordinatorPatternExample/Resources/Info.plist;
				INFOPLIST_KEY_UIApplicationSupportsIndirectInputEvents = YES;
				INFOPLIST_KEY_UILaunchStoryboardName = LaunchScreen;
				INFOPLIST_KEY_UISupportedInterfaceOrientations_iPad = "UIInterfaceOrientationPortrait UIInterfaceOrientationPortraitUpsideDown UIInterfaceOrientationLandscapeLeft UIInterfaceOrientationLandscapeRight";
				INFOPLIST_KEY_UISupportedInterfaceOrientations_iPhone = "UIInterfaceOrientationPortrait UIInterfaceOrientationLandscapeLeft UIInterfaceOrientationLandscapeRight";
				LD_RUNPATH_SEARCH_PATHS = (
					"$(inherited)",
					"@executable_path/Frameworks",
				);
				MARKETING_VERSION = 1.0;
				PRODUCT_BUNDLE_IDENTIFIER = remypark.CoordinatorPatternExample;
				PRODUCT_NAME = "$(TARGET_NAME)";
				SWIFT_EMIT_LOC_STRINGS = YES;
				SWIFT_VERSION = 5.0;
				TARGETED_DEVICE_FAMILY = "1,2";
			};
			name = Release;
		};
/* End XCBuildConfiguration section */

/* Begin XCConfigurationList section */
		DF62BEB12AC949C800833DE5 /* Build configuration list for PBXProject "CoordinatorPatternExample" */ = {
			isa = XCConfigurationList;
			buildConfigurations = (
				DF62BEC82AC949C900833DE5 /* Debug */,
				DF62BEC92AC949C900833DE5 /* Release */,
			);
			defaultConfigurationIsVisible = 0;
			defaultConfigurationName = Release;
		};
		DF62BECA2AC949C900833DE5 /* Build configuration list for PBXNativeTarget "CoordinatorPatternExample" */ = {
			isa = XCConfigurationList;
			buildConfigurations = (
				DF62BECB2AC949C900833DE5 /* Debug */,
				DF62BECC2AC949C900833DE5 /* Release */,
			);
			defaultConfigurationIsVisible = 0;
			defaultConfigurationName = Release;
		};
/* End XCConfigurationList section */
	};
	rootObject = DF62BEAE2AC949C800833DE5 /* Project object */;
}
